
Microsoft Visual Studio Solution File, Format Version 12.00
# Visual Studio 15
VisualStudioVersion = 15.0.27130.2020
MinimumVisualStudioVersion = 10.0.40219.1
Project("{FAE04EC0-301F-11D3-BF4B-00C04F79EFBC}") = "Shebist", "Shebist\Shebist.csproj", "{EEAC9DF6-3D8A-4A37-B217-34B7C0524A22}"
EndProject
Global
	GlobalSection(SolutionConfigurationPlatforms) = preSolution
		Debug|Any CPU = Debug|Any CPU
		Release|Any CPU = Release|Any CPU
	EndGlobalSection
	GlobalSection(ProjectConfigurationPlatforms) = postSolution
		{EEAC9DF6-3D8A-4A37-B217-34B7C0524A22}.Debug|Any CPU.ActiveCfg = Debug|Any CPU
		{EEAC9DF6-3D8A-4A37-B217-34B7C0524A22}.Debug|Any CPU.Build.0 = Debug|Any CPU
		{EEAC9DF6-3D8A-4A37-B217-34B7C0524A22}.Release|Any CPU.ActiveCfg = Release|Any CPU
		{EEAC9DF6-3D8A-4A37-B217-34B7C0524A22}.Release|Any CPU.Build.0 = Release|Any CPU
	EndGlobalSection
	GlobalSection(SolutionProperties) = preSolution
		HideSolutionNode = FALSE
	EndGlobalSection
	GlobalSection(ExtensibilityGlobals) = postSolution
		SolutionGuid = {FDF485C0-17C3-4AD2-A6FD-34A3CEE344C1}
	EndGlobalSection
EndGlobal
